
Microsoft Visual Studio Solution File, Format Version 12.00
# Visual Studio Version 17
VisualStudioVersion = 17.4.33213.308
MinimumVisualStudioVersion = 10.0.40219.1
Project("{FAE04EC0-301F-11D3-BF4B-00C04F79EFBC}") = "Proto2CS", "Proto2CS\Proto2CS.csproj", "{1A8ADEC9-5375-4FF3-B115-E6190A44AC31}"
EndProject
Global
	GlobalSection(SolutionConfigurationPlatforms) = preSolution
		Debug|Any CPU = Debug|Any CPU
		Release|Any CPU = Release|Any CPU
	EndGlobalSection
	GlobalSection(ProjectConfigurationPlatforms) = postSolution
		{1A8ADEC9-5375-4FF3-B115-E6190A44AC31}.Debug|Any CPU.ActiveCfg = Debug|Any CPU
		{1A8ADEC9-5375-4FF3-B115-E6190A44AC31}.Debug|Any CPU.Build.0 = Debug|Any CPU
		{1A8ADEC9-5375-4FF3-B115-E6190A44AC31}.Release|Any CPU.ActiveCfg = Release|Any CPU
		{1A8ADEC9-5375-4FF3-B115-E6190A44AC31}.Release|Any CPU.Build.0 = Release|Any CPU
	EndGlobalSection
	GlobalSection(SolutionProperties) = preSolution
		HideSolutionNode = FALSE
	EndGlobalSection
	GlobalSection(ExtensibilityGlobals) = postSolution
		SolutionGuid = {3DC273BB-5F2A-4C35-A4E4-6A46D6EEC509}
	EndGlobalSection
EndGlobal
