
Microsoft Visual Studio Solution File, Format Version 12.00
# Visual Studio Version 17
VisualStudioVersion = 17.4.33213.308
MinimumVisualStudioVersion = 10.0.40219.1
Project("{FAE04EC0-301F-11D3-BF4B-00C04F79EFBC}") = "Unity.Core", "AOClient\Unity\Unity.Core.csproj", "{EB9B0E77-13B3-6137-FAA2-76DAF4B34ADA}"
EndProject
Project("{FAE04EC0-301F-11D3-BF4B-00C04F79EFBC}") = "Unity.ThirdParty", "AOClient\Unity\Unity.ThirdParty.csproj", "{E15BADD2-3A26-309A-AB0F-DC5B08044350}"
EndProject
Project("{FAE04EC0-301F-11D3-BF4B-00C04F79EFBC}") = "Unity.Loader", "AOClient\Unity\Unity.Loader.csproj", "{986BB732-F4B8-64F8-D1F9-50CF255042D8}"
EndProject
Project("{FAE04EC0-301F-11D3-BF4B-00C04F79EFBC}") = "Game.Model", "AOClient\Unity\Game.Model.csproj", "{0B4A79E7-5966-9EEC-3815-959490E6C4A6}"
EndProject
Project("{FAE04EC0-301F-11D3-BF4B-00C04F79EFBC}") = "Game.Run", "AOClient\Unity\Game.Run.csproj", "{0CB5D82C-36ED-8D21-3E95-2A34AC53165A}"
EndProject
Project("{FAE04EC0-301F-11D3-BF4B-00C04F79EFBC}") = "Client.Outer", "AOClient\Unity\Client.Outer.csproj", "{282423D4-8F8E-870F-CFCB-D156B276B90E}"
EndProject
Project("{2150E333-8FDC-42A3-9474-1A3956D46DE8}") = "AOClient", "AOClient", "{653BF05A-3B1E-4C68-8760-8C88B7B07D73}"
EndProject
Project("{9A19103F-16F7-4668-BE54-9A1E7A4F7556}") = "ServerApp", "AOServer\App\ServerApp\ServerApp.csproj", "{9DD2120B-4D91-43EA-8BEF-B76295B80DF5}"
EndProject
Project("{9A19103F-16F7-4668-BE54-9A1E7A4F7556}") = "Server.Outer", "AOServer\Server.Outer\Server.Outer.csproj", "{8456DF76-4993-4506-9501-CF4111B46A61}"
EndProject
Project("{9A19103F-16F7-4668-BE54-9A1E7A4F7556}") = "Game.Run", "AOServer\Game.Run\Game.Run.csproj", "{C789539C-1496-4695-ACBE-D22488F9310B}"
EndProject
Project("{9A19103F-16F7-4668-BE54-9A1E7A4F7556}") = "App.Core", "AOServer\App\App.Core\App.Core.csproj", "{691EBF66-8D38-4126-87E7-19E16B14A179}"
EndProject
Project("{9A19103F-16F7-4668-BE54-9A1E7A4F7556}") = "App.ThirdParty", "AOServer\App\App.ThirdParty\App.ThirdParty.csproj", "{F2892CC3-58B0-40F9-AA3A-9D2502343A37}"
EndProject
Project("{9A19103F-16F7-4668-BE54-9A1E7A4F7556}") = "Game.Model", "AOServer\Game.Model\Game.Model.csproj", "{A11EBEDB-ED86-4B7E-A196-B400881573D0}"
EndProject
Project("{2150E333-8FDC-42A3-9474-1A3956D46DE8}") = "App", "App", "{E7FF18F4-6072-48D0-A2D9-7261D3735CA3}"
EndProject
Project("{2150E333-8FDC-42A3-9474-1A3956D46DE8}") = "AOServer", "AOServer", "{533DC319-2B49-4426-81BE-AC71418A36C8}"
EndProject
Project("{2150E333-8FDC-42A3-9474-1A3956D46DE8}") = "Code", "Code", "{B4FF3024-D57C-409A-A081-E0CF71F85972}"
EndProject
Global
	GlobalSection(SolutionConfigurationPlatforms) = preSolution
		Debug|Any CPU = Debug|Any CPU
		Release|Any CPU = Release|Any CPU
	EndGlobalSection
	GlobalSection(ProjectConfigurationPlatforms) = postSolution
		{EB9B0E77-13B3-6137-FAA2-76DAF4B34ADA}.Debug|Any CPU.ActiveCfg = Debug|Any CPU
		{EB9B0E77-13B3-6137-FAA2-76DAF4B34ADA}.Debug|Any CPU.Build.0 = Debug|Any CPU
		{EB9B0E77-13B3-6137-FAA2-76DAF4B34ADA}.Release|Any CPU.ActiveCfg = Release|Any CPU
		{EB9B0E77-13B3-6137-FAA2-76DAF4B34ADA}.Release|Any CPU.Build.0 = Release|Any CPU
		{E15BADD2-3A26-309A-AB0F-DC5B08044350}.Debug|Any CPU.ActiveCfg = Debug|Any CPU
		{E15BADD2-3A26-309A-AB0F-DC5B08044350}.Debug|Any CPU.Build.0 = Debug|Any CPU
		{E15BADD2-3A26-309A-AB0F-DC5B08044350}.Release|Any CPU.ActiveCfg = Release|Any CPU
		{E15BADD2-3A26-309A-AB0F-DC5B08044350}.Release|Any CPU.Build.0 = Release|Any CPU
		{986BB732-F4B8-64F8-D1F9-50CF255042D8}.Debug|Any CPU.ActiveCfg = Debug|Any CPU
		{986BB732-F4B8-64F8-D1F9-50CF255042D8}.Debug|Any CPU.Build.0 = Debug|Any CPU
		{986BB732-F4B8-64F8-D1F9-50CF255042D8}.Release|Any CPU.ActiveCfg = Release|Any CPU
		{986BB732-F4B8-64F8-D1F9-50CF255042D8}.Release|Any CPU.Build.0 = Release|Any CPU
		{0B4A79E7-5966-9EEC-3815-959490E6C4A6}.Debug|Any CPU.ActiveCfg = Debug|Any CPU
		{0B4A79E7-5966-9EEC-3815-959490E6C4A6}.Debug|Any CPU.Build.0 = Debug|Any CPU
		{0B4A79E7-5966-9EEC-3815-959490E6C4A6}.Release|Any CPU.ActiveCfg = Release|Any CPU
		{0B4A79E7-5966-9EEC-3815-959490E6C4A6}.Release|Any CPU.Build.0 = Release|Any CPU
		{0CB5D82C-36ED-8D21-3E95-2A34AC53165A}.Debug|Any CPU.ActiveCfg = Debug|Any CPU
		{0CB5D82C-36ED-8D21-3E95-2A34AC53165A}.Debug|Any CPU.Build.0 = Debug|Any CPU
		{0CB5D82C-36ED-8D21-3E95-2A34AC53165A}.Release|Any CPU.ActiveCfg = Release|Any CPU
		{0CB5D82C-36ED-8D21-3E95-2A34AC53165A}.Release|Any CPU.Build.0 = Release|Any CPU
		{282423D4-8F8E-870F-CFCB-D156B276B90E}.Debug|Any CPU.ActiveCfg = Debug|Any CPU
		{282423D4-8F8E-870F-CFCB-D156B276B90E}.Debug|Any CPU.Build.0 = Debug|Any CPU
		{282423D4-8F8E-870F-CFCB-D156B276B90E}.Release|Any CPU.ActiveCfg = Release|Any CPU
		{282423D4-8F8E-870F-CFCB-D156B276B90E}.Release|Any CPU.Build.0 = Release|Any CPU
		{9DD2120B-4D91-43EA-8BEF-B76295B80DF5}.Debug|Any CPU.ActiveCfg = Debug|Any CPU
		{9DD2120B-4D91-43EA-8BEF-B76295B80DF5}.Debug|Any CPU.Build.0 = Debug|Any CPU
		{9DD2120B-4D91-43EA-8BEF-B76295B80DF5}.Release|Any CPU.ActiveCfg = Release|Any CPU
		{9DD2120B-4D91-43EA-8BEF-B76295B80DF5}.Release|Any CPU.Build.0 = Release|Any CPU
		{8456DF76-4993-4506-9501-CF4111B46A61}.Debug|Any CPU.ActiveCfg = Debug|Any CPU
		{8456DF76-4993-4506-9501-CF4111B46A61}.Debug|Any CPU.Build.0 = Debug|Any CPU
		{8456DF76-4993-4506-9501-CF4111B46A61}.Release|Any CPU.ActiveCfg = Release|Any CPU
		{8456DF76-4993-4506-9501-CF4111B46A61}.Release|Any CPU.Build.0 = Release|Any CPU
		{C789539C-1496-4695-ACBE-D22488F9310B}.Debug|Any CPU.ActiveCfg = Debug|Any CPU
		{C789539C-1496-4695-ACBE-D22488F9310B}.Debug|Any CPU.Build.0 = Debug|Any CPU
		{C789539C-1496-4695-ACBE-D22488F9310B}.Release|Any CPU.ActiveCfg = Release|Any CPU
		{C789539C-1496-4695-ACBE-D22488F9310B}.Release|Any CPU.Build.0 = Release|Any CPU
		{691EBF66-8D38-4126-87E7-19E16B14A179}.Debug|Any CPU.ActiveCfg = Debug|Any CPU
		{691EBF66-8D38-4126-87E7-19E16B14A179}.Debug|Any CPU.Build.0 = Debug|Any CPU
		{691EBF66-8D38-4126-87E7-19E16B14A179}.Release|Any CPU.ActiveCfg = Release|Any CPU
		{691EBF66-8D38-4126-87E7-19E16B14A179}.Release|Any CPU.Build.0 = Release|Any CPU
		{F2892CC3-58B0-40F9-AA3A-9D2502343A37}.Debug|Any CPU.ActiveCfg = Debug|Any CPU
		{F2892CC3-58B0-40F9-AA3A-9D2502343A37}.Debug|Any CPU.Build.0 = Debug|Any CPU
		{F2892CC3-58B0-40F9-AA3A-9D2502343A37}.Release|Any CPU.ActiveCfg = Release|Any CPU
		{F2892CC3-58B0-40F9-AA3A-9D2502343A37}.Release|Any CPU.Build.0 = Release|Any CPU
		{A11EBEDB-ED86-4B7E-A196-B400881573D0}.Debug|Any CPU.ActiveCfg = Debug|Any CPU
		{A11EBEDB-ED86-4B7E-A196-B400881573D0}.Debug|Any CPU.Build.0 = Debug|Any CPU
		{A11EBEDB-ED86-4B7E-A196-B400881573D0}.Release|Any CPU.ActiveCfg = Release|Any CPU
		{A11EBEDB-ED86-4B7E-A196-B400881573D0}.Release|Any CPU.Build.0 = Release|Any CPU
	EndGlobalSection
	GlobalSection(SolutionProperties) = preSolution
		HideSolutionNode = FALSE
	EndGlobalSection
	GlobalSection(NestedProjects) = preSolution
		{EB9B0E77-13B3-6137-FAA2-76DAF4B34ADA} = {B4FF3024-D57C-409A-A081-E0CF71F85972}
		{E15BADD2-3A26-309A-AB0F-DC5B08044350} = {B4FF3024-D57C-409A-A081-E0CF71F85972}
		{986BB732-F4B8-64F8-D1F9-50CF255042D8} = {B4FF3024-D57C-409A-A081-E0CF71F85972}
		{0B4A79E7-5966-9EEC-3815-959490E6C4A6} = {653BF05A-3B1E-4C68-8760-8C88B7B07D73}
		{0CB5D82C-36ED-8D21-3E95-2A34AC53165A} = {653BF05A-3B1E-4C68-8760-8C88B7B07D73}
		{282423D4-8F8E-870F-CFCB-D156B276B90E} = {653BF05A-3B1E-4C68-8760-8C88B7B07D73}
		{9DD2120B-4D91-43EA-8BEF-B76295B80DF5} = {E7FF18F4-6072-48D0-A2D9-7261D3735CA3}
		{8456DF76-4993-4506-9501-CF4111B46A61} = {533DC319-2B49-4426-81BE-AC71418A36C8}
		{C789539C-1496-4695-ACBE-D22488F9310B} = {533DC319-2B49-4426-81BE-AC71418A36C8}
		{691EBF66-8D38-4126-87E7-19E16B14A179} = {E7FF18F4-6072-48D0-A2D9-7261D3735CA3}
		{F2892CC3-58B0-40F9-AA3A-9D2502343A37} = {E7FF18F4-6072-48D0-A2D9-7261D3735CA3}
		{A11EBEDB-ED86-4B7E-A196-B400881573D0} = {533DC319-2B49-4426-81BE-AC71418A36C8}
		{E7FF18F4-6072-48D0-A2D9-7261D3735CA3} = {533DC319-2B49-4426-81BE-AC71418A36C8}
		{B4FF3024-D57C-409A-A081-E0CF71F85972} = {653BF05A-3B1E-4C68-8760-8C88B7B07D73}
	EndGlobalSection
	GlobalSection(ExtensibilityGlobals) = postSolution
		SolutionGuid = {5513F726-B6E6-4DD8-AB1A-FC6511D26F0D}
	EndGlobalSection
EndGlobal
